
Microsoft Visual Studio Solution File, Format Version 12.00
# Visual Studio Version 17
VisualStudioVersion = 17.13.35806.99 d17.13
MinimumVisualStudioVersion = 10.0.40219.1
Project("{FAE04EC0-301F-11D3-BF4B-00C04F79EFBC}") = "StringLibrary", "StringLibrary\StringLibrary.csproj", "{B05AD476-ECB2-433D-B186-EF9BBCC7291D}"
EndProject
Project("{FAE04EC0-301F-11D3-BF4B-00C04F79EFBC}") = "ShowCase", "ShowCase\ShowCase.csproj", "{335A1C17-510D-407C-92CA-950F2E1297D2}"
EndProject
Global
	GlobalSection(SolutionConfigurationPlatforms) = preSolution
		Debug|Any CPU = Debug|Any CPU
		Release|Any CPU = Release|Any CPU
	EndGlobalSection
	GlobalSection(ProjectConfigurationPlatforms) = postSolution
		{B05AD476-ECB2-433D-B186-EF9BBCC7291D}.Debug|Any CPU.ActiveCfg = Debug|Any CPU
		{B05AD476-ECB2-433D-B186-EF9BBCC7291D}.Debug|Any CPU.Build.0 = Debug|Any CPU
		{B05AD476-ECB2-433D-B186-EF9BBCC7291D}.Release|Any CPU.ActiveCfg = Release|Any CPU
		{B05AD476-ECB2-433D-B186-EF9BBCC7291D}.Release|Any CPU.Build.0 = Release|Any CPU
		{335A1C17-510D-407C-92CA-950F2E1297D2}.Debug|Any CPU.ActiveCfg = Debug|Any CPU
		{335A1C17-510D-407C-92CA-950F2E1297D2}.Debug|Any CPU.Build.0 = Debug|Any CPU
		{335A1C17-510D-407C-92CA-950F2E1297D2}.Release|Any CPU.ActiveCfg = Release|Any CPU
		{335A1C17-510D-407C-92CA-950F2E1297D2}.Release|Any CPU.Build.0 = Release|Any CPU
	EndGlobalSection
	GlobalSection(SolutionProperties) = preSolution
		HideSolutionNode = FALSE
	EndGlobalSection
	GlobalSection(ExtensibilityGlobals) = postSolution
		SolutionGuid = {100A29A2-177B-4895-AF74-3A7C22F3B075}
	EndGlobalSection
EndGlobal
