
Microsoft Visual Studio Solution File, Format Version 12.00
# Visual Studio Version 17
VisualStudioVersion = 17.13.35806.99 d17.13
MinimumVisualStudioVersion = 10.0.40219.1
Project("{FAE04EC0-301F-11D3-BF4B-00C04F79EFBC}") = "modul12", "modul12\modul12.csproj", "{55D10E21-AC0E-47D1-99D5-ED1128335329}"
EndProject
Project("{FAE04EC0-301F-11D3-BF4B-00C04F79EFBC}") = "UnitTest", "UnitTest\UnitTest.csproj", "{B5CBD652-1451-4982-B37E-774156227515}"
EndProject
Global
	GlobalSection(SolutionConfigurationPlatforms) = preSolution
		Debug|Any CPU = Debug|Any CPU
		Release|Any CPU = Release|Any CPU
	EndGlobalSection
	GlobalSection(ProjectConfigurationPlatforms) = postSolution
		{55D10E21-AC0E-47D1-99D5-ED1128335329}.Debug|Any CPU.ActiveCfg = Debug|Any CPU
		{55D10E21-AC0E-47D1-99D5-ED1128335329}.Debug|Any CPU.Build.0 = Debug|Any CPU
		{55D10E21-AC0E-47D1-99D5-ED1128335329}.Release|Any CPU.ActiveCfg = Release|Any CPU
		{55D10E21-AC0E-47D1-99D5-ED1128335329}.Release|Any CPU.Build.0 = Release|Any CPU
		{B5CBD652-1451-4982-B37E-774156227515}.Debug|Any CPU.ActiveCfg = Debug|Any CPU
		{B5CBD652-1451-4982-B37E-774156227515}.Debug|Any CPU.Build.0 = Debug|Any CPU
		{B5CBD652-1451-4982-B37E-774156227515}.Release|Any CPU.ActiveCfg = Release|Any CPU
		{B5CBD652-1451-4982-B37E-774156227515}.Release|Any CPU.Build.0 = Release|Any CPU
	EndGlobalSection
	GlobalSection(SolutionProperties) = preSolution
		HideSolutionNode = FALSE
	EndGlobalSection
	GlobalSection(ExtensibilityGlobals) = postSolution
		SolutionGuid = {4625E16D-997F-4B29-B38D-0032D4CF50C2}
	EndGlobalSection
EndGlobal
