
Microsoft Visual Studio Solution File, Format Version 12.00
# Visual Studio Version 17
VisualStudioVersion = 17.13.35806.99 d17.13
MinimumVisualStudioVersion = 10.0.40219.1
Project("{FAE04EC0-301F-11D3-BF4B-00C04F79EFBC}") = "tpmodul8_2311104076", "tpmodul8_2311104076\tpmodul8_2311104076.csproj", "{03617119-FE3C-4EF4-85F5-5F88E5BA0C99}"
EndProject
Global
	GlobalSection(SolutionConfigurationPlatforms) = preSolution
		Debug|Any CPU = Debug|Any CPU
		Release|Any CPU = Release|Any CPU
	EndGlobalSection
	GlobalSection(ProjectConfigurationPlatforms) = postSolution
		{03617119-FE3C-4EF4-85F5-5F88E5BA0C99}.Debug|Any CPU.ActiveCfg = Debug|Any CPU
		{03617119-FE3C-4EF4-85F5-5F88E5BA0C99}.Debug|Any CPU.Build.0 = Debug|Any CPU
		{03617119-FE3C-4EF4-85F5-5F88E5BA0C99}.Release|Any CPU.ActiveCfg = Release|Any CPU
		{03617119-FE3C-4EF4-85F5-5F88E5BA0C99}.Release|Any CPU.Build.0 = Release|Any CPU
	EndGlobalSection
	GlobalSection(SolutionProperties) = preSolution
		HideSolutionNode = FALSE
	EndGlobalSection
	GlobalSection(ExtensibilityGlobals) = postSolution
		SolutionGuid = {8129803A-7EA3-4A66-852B-FDC6E6CB7279}
	EndGlobalSection
EndGlobal
